#MicroXplorer Configuration settings - do not modify
CAD.formats=
CAD.pinconfig=
CAD.provider=
CONF1.CORTEX_M33_NS.userName=CORTEX_M33
CONF1.ConfName=
CONF1.CortexM33NS.IPs=CORTEX_M33_NS\:I,GPDMA1,GTZC_NS\:I,LINKEDLIST,LPDMA1,PWR,RCC,RTC,SYS\:I,TAMP,NVIC2\:I,FILEX\:I,LEVELX\:I,NETXDUO\:I,THREADX\:I,USBX\:I,GPIO\:I
CONF1.CortexM33S.IPs=CORTEX_M33_S\:I,GPDMA1\:I,GTZC_S\:I,ICACHE\:I,LINKEDLIST\:I,LPDMA1\:I,OTFDEC1\:I,OTFDEC2\:I,PWR\:I,RCC\:I,RTC\:I,SYS_S\:I,TAMP\:I,NVIC1\:I,USART2\:I,USART1\:I,USB_OTG_FS\:I,DEBUG\:I,ADC1\:I,ADC4\:I,MDF1\:I,ADF1\:I,I2C1\:I,OCTOSPI1\:I,OCTOSPI2\:I,SPI2\:I,I2C2\:I,UART4\:I,UCPD1\:I,GPIO,SAU\:I
CONF1.GPIO.groupedBy=Group By Peripherals
CONF1.GTZC_NS.IPParameters=MPCBB1_SecConfig_array,MPCBB2_SecConfig_array,MPCBB4_SecConfig_array,MPCBB3_SecConfig_array
CONF1.GTZC_NS.MPCBB1_SecConfig_array=00000000\:00000000\:00000000\:00000000\:00000000\:00000000\:00000000\:00000000\:00000000\:00000000\:00000000\:00000000
CONF1.GTZC_NS.MPCBB2_SecConfig_array=00000000\:00000000\:00000000\:00000000
CONF1.GTZC_NS.MPCBB3_SecConfig_array=00000000\:00000000\:00000000\:00000000\:00000000\:00000000\:00000000\:00000000\:00000000\:00000000\:00000000\:00000000\:00000000\:00000000\:00000000\:00000000\:00000000\:00000000\:00000000\:00000000\:00000000\:00000000\:00000000\:00000000\:00000000\:00000000\:00000000\:00000000\:00000000\:00000000\:00000000\:00000000
CONF1.GTZC_NS.MPCBB4_SecConfig_array=00000000
CONF1.GTZC_S.ADC4_Secure=GTZC_TZSC_PERIPH_SEC
CONF1.GTZC_S.ADC_Secure=GTZC_TZSC_PERIPH_SEC
CONF1.GTZC_S.ADF1_Secure=GTZC_TZSC_PERIPH_SEC
CONF1.GTZC_S.I2C1_Secure=GTZC_TZSC_PERIPH_SEC
CONF1.GTZC_S.I2C2_Secure=GTZC_TZSC_PERIPH_SEC
CONF1.GTZC_S.IPParameters=USART2_Secure,USART1_Secure,ADC4_Secure,ADC_Secure,MDF1_Secure,ADF1_Secure,I2C1_Secure,OCTOSPI1_Secure,OCTOSPI2_Secure,SPI2_Secure,I2C2_Secure,UART4_Secure,UCPD1_Secure,MPCBB3_SecConfig_array,USB_OTG_FS_Secure,OCTOSPIM_Secure
CONF1.GTZC_S.MDF1_Secure=GTZC_TZSC_PERIPH_SEC
CONF1.GTZC_S.MPCBB3_SecConfig_array=00000000\:00000000\:00000000\:00000000\:00000000\:00000000\:00000000\:00000000\:00000000\:00000000\:00000000\:00000000\:00000000\:00000000\:00000000\:00000000\:00000000\:00000000\:00000000\:00000000\:00000000\:00000000\:00000000\:00000000\:00000000\:00000000\:00000000\:00000000\:00000000\:00000000\:00000000\:00000000
CONF1.GTZC_S.OCTOSPI1_Secure=GTZC_TZSC_PERIPH_SEC
CONF1.GTZC_S.OCTOSPI2_Secure=GTZC_TZSC_PERIPH_SEC
CONF1.GTZC_S.OCTOSPIM_Secure=GTZC_TZSC_PERIPH_SEC
CONF1.GTZC_S.SPI2_Secure=GTZC_TZSC_PERIPH_SEC
CONF1.GTZC_S.UART4_Secure=GTZC_TZSC_PERIPH_SEC
CONF1.GTZC_S.UCPD1_Secure=GTZC_TZSC_PERIPH_SEC
CONF1.GTZC_S.USART1_Secure=GTZC_TZSC_PERIPH_SEC
CONF1.GTZC_S.USART2_Secure=GTZC_TZSC_PERIPH_SEC
CONF1.GTZC_S.USB_OTG_FS_Secure=GTZC_TZSC_PERIPH_SEC
CONF1.I2C1.IPParameters=Timing
CONF1.I2C1.Timing=0x30909DEC
CONF1.I2C2.IPParameters=Timing
CONF1.I2C2.Timing=0x30909DEC
CONF1.KeepUserPlacement=false
CONF1.Mcu.Context0=CortexM33S
CONF1.Mcu.Context1=CortexM33NS
CONF1.Mcu.ContextNb=2
CONF1.Mcu.ContextProject=TrustZoneEnabled
CONF1.Mcu.Family=STM32U5
CONF1.Mcu.IP0=ADF1
CONF1.Mcu.IP1=CORTEX_M33_NS
CONF1.Mcu.IP10=NVIC1
CONF1.Mcu.IP11=OCTOSPI1
CONF1.Mcu.IP12=OCTOSPI2
CONF1.Mcu.IP13=PWR
CONF1.Mcu.IP14=RCC
CONF1.Mcu.IP15=SPI2
CONF1.Mcu.IP16=SYS
CONF1.Mcu.IP17=SYS_S
CONF1.Mcu.IP18=UART4
CONF1.Mcu.IP19=UCPD1
CONF1.Mcu.IP2=CORTEX_M33_S
CONF1.Mcu.IP20=USART1
CONF1.Mcu.IP21=USB_OTG_FS
CONF1.Mcu.IP3=DEBUG
CONF1.Mcu.IP4=GTZC_NS
CONF1.Mcu.IP5=GTZC_S
CONF1.Mcu.IP6=I2C1
CONF1.Mcu.IP7=I2C2
CONF1.Mcu.IP8=ICACHE
CONF1.Mcu.IP9=NVIC2
CONF1.Mcu.IPNb=22
CONF1.Mcu.Name=STM32U585AIIxQ
CONF1.Mcu.Package=UFBGA169
CONF1.Mcu.Pin0=PG15
CONF1.Mcu.Pin1=PC11
CONF1.Mcu.Pin10=PA14 (JTCK/SWCLK)
CONF1.Mcu.Pin11=PH10
CONF1.Mcu.Pin12=PC14-OSC32_IN (PC14)
CONF1.Mcu.Pin13=PE3
CONF1.Mcu.Pin14=PB9
CONF1.Mcu.Pin15=PB3 (JTDO/TRACESWO)
CONF1.Mcu.Pin16=PD7
CONF1.Mcu.Pin17=PD3
CONF1.Mcu.Pin18=PH11
CONF1.Mcu.Pin19=PC15-OSC32_OUT (PC15)
CONF1.Mcu.Pin2=PA15 (JTDI)
CONF1.Mcu.Pin20=PF0
CONF1.Mcu.Pin21=PC13
CONF1.Mcu.Pin22=PB8
CONF1.Mcu.Pin23=PH9
CONF1.Mcu.Pin24=PH4
CONF1.Mcu.Pin25=PH6
CONF1.Mcu.Pin26=PF8
CONF1.Mcu.Pin27=PF1
CONF1.Mcu.Pin28=PF2
CONF1.Mcu.Pin29=PD1
CONF1.Mcu.Pin3=PI5
CONF1.Mcu.Pin30=PH7
CONF1.Mcu.Pin31=PH5
CONF1.Mcu.Pin32=PH2
CONF1.Mcu.Pin33=PA10
CONF1.Mcu.Pin34=PA13 (JTMS/SWDIO)
CONF1.Mcu.Pin35=PA12
CONF1.Mcu.Pin36=PF7
CONF1.Mcu.Pin37=PF9
CONF1.Mcu.Pin38=PF3
CONF1.Mcu.Pin39=PF4
CONF1.Mcu.Pin4=PI0
CONF1.Mcu.Pin40=PA9
CONF1.Mcu.Pin41=PA11
CONF1.Mcu.Pin42=PF10
CONF1.Mcu.Pin43=PF6
CONF1.Mcu.Pin44=PE10
CONF1.Mcu.Pin45=PG6
CONF1.Mcu.Pin46=PH1-OSC_OUT (PH1)
CONF1.Mcu.Pin47=PE9
CONF1.Mcu.Pin48=PG5
CONF1.Mcu.Pin49=PD14
CONF1.Mcu.Pin5=PH12
CONF1.Mcu.Pin50=PC3
CONF1.Mcu.Pin51=PF12
CONF1.Mcu.Pin52=PE8
CONF1.Mcu.Pin53=PB10
CONF1.Mcu.Pin54=PD10
CONF1.Mcu.Pin55=PD13
CONF1.Mcu.Pin56=PG2
CONF1.Mcu.Pin57=PF14
CONF1.Mcu.Pin58=PB11
CONF1.Mcu.Pin59=PB12
CONF1.Mcu.Pin6=PH3-BOOT0
CONF1.Mcu.Pin60=PB15
CONF1.Mcu.Pin61=PF11
CONF1.Mcu.Pin62=PE11
CONF1.Mcu.Pin63=PB1
CONF1.Mcu.Pin64=PF15
CONF1.Mcu.Pin65=VP_GTZC_NS_VS_GTZC_Enable
CONF1.Mcu.Pin66=VP_GTZC_S_VS_GTZC_Enable
CONF1.Mcu.Pin67=VP_ICACHE_VS_ICACHE
CONF1.Mcu.Pin68=VP_ICACHE_VS_SECURE_ICACHE_REG
CONF1.Mcu.Pin69=VP_OCTOSPI1_VS_octo
CONF1.Mcu.Pin7=PB5
CONF1.Mcu.Pin70=VP_OCTOSPI2_VS_octo
CONF1.Mcu.Pin71=VP_PWR_VS_DBSignals
CONF1.Mcu.Pin72=VP_PWR_VS_SECSignals
CONF1.Mcu.Pin73=VP_PWR_VS_LPOM
CONF1.Mcu.Pin74=VP_SYS_VS_Systick
CONF1.Mcu.Pin75=VP_SYS_S_VS_Systick
CONF1.Mcu.Pin8=PD4
CONF1.Mcu.Pin9=PC10
CONF1.Mcu.PinsNb=76
CONF1.Mcu.ThirdPartyNb=0
CONF1.Mcu.UserName=STM32U585AIIxQ
CONF1.NVIC1.BFHFNMINS=0
CONF1.NVIC1.BusFault_IRQn=true\:0\:0\:false\:false\:true\:false\:false\:false
CONF1.NVIC1.DebugMonitor_IRQn=true\:0\:0\:false\:false\:true\:false\:false\:false
CONF1.NVIC1.ForceEnableDMAVector=true
CONF1.NVIC1.HardFault_IRQn=true\:0\:0\:false\:false\:true\:false\:false\:false
CONF1.NVIC1.MemoryManagement_IRQn=true\:0\:0\:false\:false\:true\:false\:false\:false
CONF1.NVIC1.NonMaskableInt_IRQn=true\:0\:0\:false\:false\:true\:false\:false\:false
CONF1.NVIC1.PRIS=0
CONF1.NVIC1.PendSV_IRQn=true\:0\:0\:false\:false\:true\:false\:false\:false
CONF1.NVIC1.PriorityGroup=NVIC_PRIORITYGROUP_4
CONF1.NVIC1.SVCall_IRQn=true\:0\:0\:false\:false\:true\:false\:false\:false
CONF1.NVIC1.SecureFault_IRQn=true\:0\:0\:false\:false\:true\:false\:false\:false
CONF1.NVIC1.SysTick_IRQn=true\:0\:0\:false\:false\:true\:false\:true\:false
CONF1.NVIC1.UsageFault_IRQn=true\:0\:0\:false\:false\:true\:false\:false\:false
CONF1.NVIC2.BFHFNMINS=0
CONF1.NVIC2.ForceEnableDMAVector=true
CONF1.NVIC2.MemoryManagement_IRQn=true\:0\:0\:false\:false\:true\:false\:false\:false
CONF1.NVIC2.PRIS=0
CONF1.NVIC2.PendSV_IRQn=true\:0\:0\:false\:false\:true\:false\:false\:false
CONF1.NVIC2.PriorityGroup=NVIC_PRIORITYGROUP_4
CONF1.NVIC2.SVCall_IRQn=true\:0\:0\:false\:false\:true\:false\:false\:false
CONF1.NVIC2.SysTick_IRQn=true\:0\:0\:false\:false\:true\:false\:true\:false
CONF1.NVIC2.UsageFault_IRQn=true\:0\:0\:false\:false\:true\:false\:false\:false
CONF1.OCTOSPI1.ChipSelectBoundary=10
CONF1.OCTOSPI1.ClockPrescaler=2
CONF1.OCTOSPI1.DelayBlockBypass=HAL_OSPI_DELAY_BLOCK_USED
CONF1.OCTOSPI1.DelayHoldQuarterCycle=HAL_OSPI_DHQC_ENABLE
CONF1.OCTOSPI1.DeviceSize=23
CONF1.OCTOSPI1.IPParameters=MemoryType,DeviceSize,ClockPrescaler,ChipSelectBoundary,Refresh,DelayBlockBypass,DelayHoldQuarterCycle
CONF1.OCTOSPI1.MemoryType=HAL_OSPI_MEMTYPE_APMEMORY
CONF1.OCTOSPI1.Refresh=100
CONF1.OCTOSPI2.ChipSelectBoundary=0
CONF1.OCTOSPI2.ChipSelectHighTime=2
CONF1.OCTOSPI2.ClockPrescaler=4
CONF1.OCTOSPI2.DelayBlockBypass=HAL_OSPI_DELAY_BLOCK_USED
CONF1.OCTOSPI2.DelayHoldQuarterCycle=HAL_OSPI_DHQC_ENABLE
CONF1.OCTOSPI2.DeviceSize=26
CONF1.OCTOSPI2.FifoThreshold=4
CONF1.OCTOSPI2.IPParameters=MemoryType,FifoThreshold,DeviceSize,ChipSelectHighTime,ClockPrescaler,DelayHoldQuarterCycle,ChipSelectBoundary,DelayBlockBypass
CONF1.OCTOSPI2.MemoryType=HAL_OSPI_MEMTYPE_MACRONIX
CONF1.PA10.GPIOParameters=GPIO_Label,PinAttribute
CONF1.PA10.GPIO_Label=T.VCP_RX
CONF1.PA10.Locked=true
CONF1.PA10.Mode=Asynchronous
CONF1.PA10.PinAttribute=CortexM33S
CONF1.PA10.Signal=USART1_RX
CONF1.PA11.GPIOParameters=GPIO_Label,PinAttribute
CONF1.PA11.GPIO_Label=USB.C_P
CONF1.PA11.Locked=true
CONF1.PA11.Mode=Device_Only
CONF1.PA11.PinAttribute=CortexM33S
CONF1.PA11.Signal=USB_OTG_FS_DM
CONF1.PA12.GPIOParameters=GPIO_Label,PinAttribute
CONF1.PA12.GPIO_Label=USB.C_P
CONF1.PA12.Locked=true
CONF1.PA12.Mode=Device_Only
CONF1.PA12.PinAttribute=CortexM33S
CONF1.PA12.Signal=USB_OTG_FS_DP
CONF1.PA13\ (JTMS/SWDIO).GPIOParameters=GPIO_Label,PinAttribute
CONF1.PA13\ (JTMS/SWDIO).GPIO_Label=T.SWDIO
CONF1.PA13\ (JTMS/SWDIO).Locked=true
CONF1.PA13\ (JTMS/SWDIO).Mode=Trace_Asynchronous_SW
CONF1.PA13\ (JTMS/SWDIO).PinAttribute=CortexM33S
CONF1.PA13\ (JTMS/SWDIO).Signal=DEBUG_JTMS-SWDIO
CONF1.PA14\ (JTCK/SWCLK).GPIOParameters=GPIO_Label,PinAttribute
CONF1.PA14\ (JTCK/SWCLK).GPIO_Label=T.SWCLK
CONF1.PA14\ (JTCK/SWCLK).Locked=true
CONF1.PA14\ (JTCK/SWCLK).Mode=Trace_Asynchronous_SW
CONF1.PA14\ (JTCK/SWCLK).PinAttribute=CortexM33S
CONF1.PA14\ (JTCK/SWCLK).Signal=DEBUG_JTCK-SWCLK
CONF1.PA15\ (JTDI).GPIOParameters=GPIO_Label,PinAttribute
CONF1.PA15\ (JTDI).GPIO_Label=USB.UCPD_CC1
CONF1.PA15\ (JTDI).Locked=true
CONF1.PA15\ (JTDI).Mode=Dual_Role_AllSignals
CONF1.PA15\ (JTDI).PinAttribute=CortexM33S
CONF1.PA15\ (JTDI).Signal=UCPD1_CC1
CONF1.PA9.GPIOParameters=GPIO_Label,PinAttribute
CONF1.PA9.GPIO_Label=T.VCP_TX
CONF1.PA9.Locked=true
CONF1.PA9.Mode=Asynchronous
CONF1.PA9.PinAttribute=CortexM33S
CONF1.PA9.Signal=USART1_TX
CONF1.PB1.GPIOParameters=GPIO_Label,PinAttribute
CONF1.PB1.GPIO_Label=MIC.SDIN0
CONF1.PB1.Locked=true
CONF1.PB1.PinAttribute=CortexM33S
CONF1.PB1.Signal=MDF1_SDI0
CONF1.PB10.GPIOParameters=GPIO_Label,PinAttribute
CONF1.PB10.GPIO_Label=OCTOSPI.R_CLK_P
CONF1.PB10.Locked=true
CONF1.PB10.Mode=O1_P1_CLK
CONF1.PB10.PinAttribute=CortexM33S
CONF1.PB10.Signal=OCTOSPIM_P1_CLK
CONF1.PB11.GPIOParameters=GPIO_Label,PinAttribute
CONF1.PB11.GPIO_Label=OCTOSPI.R_NCS
CONF1.PB11.Locked=true
CONF1.PB11.Mode=OCTOSPI1_Port1_NCS
CONF1.PB11.PinAttribute=CortexM33S
CONF1.PB11.Signal=OCTOSPIM_P1_NCS
CONF1.PB12.GPIOParameters=GPIO_Label,PinAttribute
CONF1.PB12.GPIO_Label=WRLS.SPI2_NSS
CONF1.PB12.Locked=true
CONF1.PB12.Mode=NSS_Signal_Hard_Output
CONF1.PB12.PinAttribute=CortexM33S
CONF1.PB12.Signal=SPI2_NSS
CONF1.PB15.GPIOParameters=GPIO_Label,PinAttribute
CONF1.PB15.GPIO_Label=USB.UCPD_CC2
CONF1.PB15.Locked=true
CONF1.PB15.Mode=Dual_Role_AllSignals
CONF1.PB15.PinAttribute=CortexM33S
CONF1.PB15.Signal=UCPD1_CC2
CONF1.PB3\ (JTDO/TRACESWO).GPIOParameters=GPIO_Label,PinAttribute
CONF1.PB3\ (JTDO/TRACESWO).GPIO_Label=T.SWO
CONF1.PB3\ (JTDO/TRACESWO).Locked=true
CONF1.PB3\ (JTDO/TRACESWO).Mode=Trace_Asynchronous_SW
CONF1.PB3\ (JTDO/TRACESWO).PinAttribute=CortexM33S
CONF1.PB3\ (JTDO/TRACESWO).Signal=DEBUG_JTDO-SWO
CONF1.PB5.GPIOParameters=GPIO_Label,PinAttribute
CONF1.PB5.GPIO_Label=UCPD_PWR
CONF1.PB5.Locked=true
CONF1.PB5.PinAttribute=Free
CONF1.PB5.Signal=GPIO_Output
CONF1.PB8.GPIOParameters=PinAttribute
CONF1.PB8.Locked=true
CONF1.PB8.Mode=I2C
CONF1.PB8.PinAttribute=CortexM33S
CONF1.PB8.Signal=I2C1_SCL
CONF1.PB9.GPIOParameters=PinAttribute
CONF1.PB9.Locked=true
CONF1.PB9.Mode=I2C
CONF1.PB9.PinAttribute=CortexM33S
CONF1.PB9.Signal=I2C1_SDA
CONF1.PC10.GPIOParameters=GPIO_Label,PinAttribute
CONF1.PC10.GPIO_Label=WRLS.UART4_TX
CONF1.PC10.Locked=true
CONF1.PC10.Mode=Asynchronous
CONF1.PC10.PinAttribute=CortexM33S
CONF1.PC10.Signal=UART4_TX
CONF1.PC11.GPIOParameters=GPIO_Label,PinAttribute
CONF1.PC11.GPIO_Label=WRLS.UART4_RX
CONF1.PC11.Locked=true
CONF1.PC11.Mode=Asynchronous
CONF1.PC11.PinAttribute=CortexM33S
CONF1.PC11.Signal=UART4_RX
CONF1.PC13.GPIOParameters=GPIO_Label,PinAttribute
CONF1.PC13.GPIO_Label=USER_Button
CONF1.PC13.Locked=true
CONF1.PC13.PinAttribute=Free
CONF1.PC13.Signal=GPIO_Input
CONF1.PC14-OSC32_IN\ (PC14).GPIOParameters=GPIO_Label,PinAttribute
CONF1.PC14-OSC32_IN\ (PC14).GPIO_Label=PC14-OSC32_IN
CONF1.PC14-OSC32_IN\ (PC14).Locked=true
CONF1.PC14-OSC32_IN\ (PC14).Mode=LSE-External-Oscillator
CONF1.PC14-OSC32_IN\ (PC14).PinAttribute=CortexM33S
CONF1.PC14-OSC32_IN\ (PC14).Signal=RCC_OSC32_IN
CONF1.PC15-OSC32_OUT\ (PC15).GPIOParameters=GPIO_Label,PinAttribute
CONF1.PC15-OSC32_OUT\ (PC15).GPIO_Label=PC15-OSC32_OUT
CONF1.PC15-OSC32_OUT\ (PC15).Locked=true
CONF1.PC15-OSC32_OUT\ (PC15).Mode=LSE-External-Oscillator
CONF1.PC15-OSC32_OUT\ (PC15).PinAttribute=CortexM33S
CONF1.PC15-OSC32_OUT\ (PC15).Signal=RCC_OSC32_OUT
CONF1.PC3.GPIOParameters=GPIO_Label,PinAttribute
CONF1.PC3.GPIO_Label=OCTOSPI.R_IO6
CONF1.PC3.Locked=true
CONF1.PC3.Mode=OCTOSPI1_IOH_Port1H
CONF1.PC3.PinAttribute=CortexM33S
CONF1.PC3.Signal=OCTOSPIM_P1_IO6
CONF1.PD1.GPIOParameters=GPIO_Label,PinAttribute
CONF1.PD1.GPIO_Label=WRLS.SPI2_SCK
CONF1.PD1.Locked=true
CONF1.PD1.Mode=Full_Duplex_Master
CONF1.PD1.PinAttribute=CortexM33S
CONF1.PD1.Signal=SPI2_SCK
CONF1.PD10.GPIOParameters=GPIO_Label,PinAttribute
CONF1.PD10.GPIO_Label=Mems.INT_IIS2MDC
CONF1.PD10.Locked=true
CONF1.PD10.PinAttribute=Free
CONF1.PD10.Signal=GPIO_Input
CONF1.PD13.GPIOParameters=GPIO_Label,PinAttribute
CONF1.PD13.GPIO_Label=USB.IANA
CONF1.PD13.Locked=true
CONF1.PD13.PinAttribute=Free
CONF1.PD13.Signal=GPIO_Input
CONF1.PD14.GPIOParameters=GPIO_Label,PinAttribute
CONF1.PD14.GPIO_Label=WRLS.NOTIFY
CONF1.PD14.Locked=true
CONF1.PD14.PinAttribute=Free
CONF1.PD14.Signal=GPIO_Input
CONF1.PD3.GPIOParameters=GPIO_Label,PinAttribute
CONF1.PD3.GPIO_Label=WRLS.SPI2_MISO
CONF1.PD3.Locked=true
CONF1.PD3.Mode=Full_Duplex_Master
CONF1.PD3.PinAttribute=CortexM33S
CONF1.PD3.Signal=SPI2_MISO
CONF1.PD4.GPIOParameters=GPIO_Label,PinAttribute
CONF1.PD4.GPIO_Label=WRLS.SPI2_MOSI
CONF1.PD4.Locked=true
CONF1.PD4.Mode=Full_Duplex_Master
CONF1.PD4.PinAttribute=CortexM33S
CONF1.PD4.Signal=SPI2_MOSI
CONF1.PD7.GPIOParameters=GPIO_Label,PinAttribute
CONF1.PD7.GPIO_Label=OCTOSPI.R_IO7
CONF1.PD7.Locked=true
CONF1.PD7.Mode=OCTOSPI1_IOH_Port1H
CONF1.PD7.PinAttribute=CortexM33S
CONF1.PD7.Signal=OCTOSPIM_P1_IO7
CONF1.PE10.GPIOParameters=GPIO_Label,PinAttribute
CONF1.PE10.GPIO_Label=MIC.SDINx
CONF1.PE10.Locked=true
CONF1.PE10.Mode=MOD_ADF_CCK
CONF1.PE10.PinAttribute=CortexM33S
CONF1.PE10.Signal=ADF1_SDI0
CONF1.PE11.GPIOParameters=GPIO_Label,PinAttribute
CONF1.PE11.GPIO_Label=Mems.ISM330DLC_INT1
CONF1.PE11.Locked=true
CONF1.PE11.PinAttribute=Free
CONF1.PE11.Signal=GPIO_Input
CONF1.PE3.GPIOParameters=GPIO_Label,PinAttribute
CONF1.PE3.GPIO_Label=OCTOSPI.R_DQS
CONF1.PE3.Locked=true
CONF1.PE3.Mode=OCTOSPI1_Port1_DQS
CONF1.PE3.PinAttribute=CortexM33S
CONF1.PE3.Signal=OCTOSPIM_P1_DQS
CONF1.PE8.GPIOParameters=GPIO_Label,PinAttribute
CONF1.PE8.GPIO_Label=USB.UCPD_FLT
CONF1.PE8.Locked=true
CONF1.PE8.PinAttribute=Free
CONF1.PE8.Signal=GPIO_Input
CONF1.PE9.GPIOParameters=GPIO_Label,PinAttribute
CONF1.PE9.GPIO_Label=MIC.CCK0
CONF1.PE9.Locked=true
CONF1.PE9.Mode=MOD_MDF_CCK0
CONF1.PE9.PinAttribute=CortexM33S
CONF1.PE9.Signal=ADF1_CCK0
CONF1.PF0.GPIOParameters=GPIO_Label,PinAttribute
CONF1.PF0.GPIO_Label=OCTOSPI.F_IO0
CONF1.PF0.Locked=true
CONF1.PF0.Mode=OCTOSPI2_IOL_Port2L
CONF1.PF0.PinAttribute=CortexM33S
CONF1.PF0.Signal=OCTOSPIM_P2_IO0
CONF1.PF1.GPIOParameters=GPIO_Label,PinAttribute
CONF1.PF1.GPIO_Label=OCTOSPI.F_IO1
CONF1.PF1.Locked=true
CONF1.PF1.Mode=OCTOSPI2_IOL_Port2L
CONF1.PF1.PinAttribute=CortexM33S
CONF1.PF1.Signal=OCTOSPIM_P2_IO1
CONF1.PF10.GPIOParameters=GPIO_Label,PinAttribute
CONF1.PF10.GPIO_Label=MIC.CCK1
CONF1.PF10.Locked=true
CONF1.PF10.PinAttribute=CortexM33S
CONF1.PF10.Signal=MDF1_CCK1
CONF1.PF11.GPIOParameters=GPIO_Label,PinAttribute
CONF1.PF11.GPIO_Label=Mems.STSAFE_RESET
CONF1.PF11.Locked=true
CONF1.PF11.PinAttribute=Free
CONF1.PF11.Signal=GPIO_Output
CONF1.PF12.GPIOParameters=GPIO_Label,PinAttribute
CONF1.PF12.GPIO_Label=OCTOSPI.F_DQS
CONF1.PF12.Locked=true
CONF1.PF12.Mode=OCTOSPI2_Port2_DQS
CONF1.PF12.PinAttribute=CortexM33S
CONF1.PF12.Signal=OCTOSPIM_P2_DQS
CONF1.PF14.GPIOParameters=GPIO_Label,PinAttribute
CONF1.PF14.GPIO_Label=USB.VBUS_SENSE
CONF1.PF14.Locked=true
CONF1.PF14.PinAttribute=Free
CONF1.PF14.Signal=GPIO_Input
CONF1.PF15.GPIOParameters=GPIO_Label,PinAttribute
CONF1.PF15.GPIO_Label=WRLS.WKUP_W
CONF1.PF15.Locked=true
CONF1.PF15.PinAttribute=Free
CONF1.PF15.Signal=GPIO_Output
CONF1.PF2.GPIOParameters=GPIO_Label,PinAttribute
CONF1.PF2.GPIO_Label=OCTOSPI.F_IO2
CONF1.PF2.Locked=true
CONF1.PF2.Mode=OCTOSPI2_IOL_Port2L
CONF1.PF2.PinAttribute=CortexM33S
CONF1.PF2.Signal=OCTOSPIM_P2_IO2
CONF1.PF3.GPIOParameters=GPIO_Label,PinAttribute
CONF1.PF3.GPIO_Label=OCTOSPI.F_IO3
CONF1.PF3.Locked=true
CONF1.PF3.Mode=OCTOSPI2_IOL_Port2L
CONF1.PF3.PinAttribute=CortexM33S
CONF1.PF3.Signal=OCTOSPIM_P2_IO3
CONF1.PF4.GPIOParameters=GPIO_Label,PinAttribute
CONF1.PF4.GPIO_Label=OCTOSPI.F_CLK_P
CONF1.PF4.Locked=true
CONF1.PF4.Mode=O2_P2_CLK
CONF1.PF4.PinAttribute=CortexM33S
CONF1.PF4.Signal=OCTOSPIM_P2_CLK
CONF1.PF6.GPIOParameters=GPIO_Label,PinAttribute
CONF1.PF6.GPIO_Label=OCTOSPI.R_IO3
CONF1.PF6.Locked=true
CONF1.PF6.Mode=OCTOSPI1_IOL_Port1L
CONF1.PF6.PinAttribute=CortexM33S
CONF1.PF6.Signal=OCTOSPIM_P1_IO3
CONF1.PF7.GPIOParameters=GPIO_Label,PinAttribute
CONF1.PF7.GPIO_Label=OCTOSPI.R_IO2
CONF1.PF7.Locked=true
CONF1.PF7.Mode=OCTOSPI1_IOL_Port1L
CONF1.PF7.PinAttribute=CortexM33S
CONF1.PF7.Signal=OCTOSPIM_P1_IO2
CONF1.PF8.GPIOParameters=GPIO_Label,PinAttribute
CONF1.PF8.GPIO_Label=OCTOSPI.R_IO0
CONF1.PF8.Locked=true
CONF1.PF8.Mode=OCTOSPI1_IOL_Port1L
CONF1.PF8.PinAttribute=CortexM33S
CONF1.PF8.Signal=OCTOSPIM_P1_IO0
CONF1.PF9.GPIOParameters=GPIO_Label,PinAttribute
CONF1.PF9.GPIO_Label=OCTOSPI.R_IO1
CONF1.PF9.Locked=true
CONF1.PF9.Mode=OCTOSPI1_IOL_Port1L
CONF1.PF9.PinAttribute=CortexM33S
CONF1.PF9.Signal=OCTOSPIM_P1_IO1
CONF1.PG15.GPIOParameters=GPIO_Label,PinAttribute
CONF1.PG15.GPIO_Label=WRLS.FLOW
CONF1.PG15.Locked=true
CONF1.PG15.PinAttribute=Free
CONF1.PG15.Signal=GPIO_Input
CONF1.PG2.GPIOParameters=GPIO_Label,PinAttribute
CONF1.PG2.GPIO_Label=Mems.INT_LPS22HH
CONF1.PG2.Locked=true
CONF1.PG2.PinAttribute=Free
CONF1.PG2.Signal=GPIO_Input
CONF1.PG5.GPIOParameters=GPIO_Label,PinAttribute
CONF1.PG5.GPIO_Label=Mems.VLX_GPIO
CONF1.PG5.Locked=true
CONF1.PG5.PinAttribute=Free
CONF1.PG5.Signal=GPIO_Input
CONF1.PG6.GPIOParameters=GPIO_Label,PinAttribute
CONF1.PG6.GPIO_Label=WRLS.WKUP_B
CONF1.PG6.Locked=true
CONF1.PG6.PinAttribute=Free
CONF1.PG6.Signal=GPIO_Output
CONF1.PH1-OSC_OUT\ (PH1).GPIOParameters=GPIO_Label,PinAttribute
CONF1.PH1-OSC_OUT\ (PH1).GPIO_Label=Mems.VL53_xshut
CONF1.PH1-OSC_OUT\ (PH1).Locked=true
CONF1.PH1-OSC_OUT\ (PH1).PinAttribute=Free
CONF1.PH1-OSC_OUT\ (PH1).Signal=GPIO_Output
CONF1.PH10.GPIOParameters=GPIO_Label,PinAttribute
CONF1.PH10.GPIO_Label=OCTOSPI.F_IO5
CONF1.PH10.Locked=true
CONF1.PH10.Mode=OCTOSPI2_IOH_Port2H
CONF1.PH10.PinAttribute=CortexM33S
CONF1.PH10.Signal=OCTOSPIM_P2_IO5
CONF1.PH11.GPIOParameters=GPIO_Label,PinAttribute
CONF1.PH11.GPIO_Label=OCTOSPI.F_IO6
CONF1.PH11.Locked=true
CONF1.PH11.Mode=OCTOSPI2_IOH_Port2H
CONF1.PH11.PinAttribute=CortexM33S
CONF1.PH11.Signal=OCTOSPIM_P2_IO6
CONF1.PH12.GPIOParameters=GPIO_Label,PinAttribute
CONF1.PH12.GPIO_Label=OCTOSPI.F_IO7
CONF1.PH12.Locked=true
CONF1.PH12.Mode=OCTOSPI2_IOH_Port2H
CONF1.PH12.PinAttribute=CortexM33S
CONF1.PH12.Signal=OCTOSPIM_P2_IO7
CONF1.PH2.GPIOParameters=GPIO_Label,PinAttribute
CONF1.PH2.GPIO_Label=OCTOSPI.R_IO4
CONF1.PH2.Locked=true
CONF1.PH2.Mode=OCTOSPI1_IOH_Port1H
CONF1.PH2.PinAttribute=CortexM33S
CONF1.PH2.Signal=OCTOSPIM_P1_IO4
CONF1.PH3-BOOT0.GPIOParameters=GPIO_Label,PinAttribute
CONF1.PH3-BOOT0.GPIO_Label=PH3-BOOT0
CONF1.PH3-BOOT0.Locked=true
CONF1.PH3-BOOT0.PinAttribute=Free
CONF1.PH3-BOOT0.Signal=GPIO_Input
CONF1.PH4.GPIOParameters=PinAttribute
CONF1.PH4.Locked=true
CONF1.PH4.Mode=I2C
CONF1.PH4.PinAttribute=CortexM33S
CONF1.PH4.Signal=I2C2_SCL
CONF1.PH5.GPIOParameters=PinAttribute
CONF1.PH5.Locked=true
CONF1.PH5.Mode=I2C
CONF1.PH5.PinAttribute=CortexM33S
CONF1.PH5.Signal=I2C2_SDA
CONF1.PH6.GPIOParameters=GPIO_Speed,GPIO_PuPd,GPIO_Label,PinAttribute
CONF1.PH6.GPIO_Label=LED_RED
CONF1.PH6.GPIO_PuPd=GPIO_PULLUP
CONF1.PH6.GPIO_Speed=GPIO_SPEED_FREQ_HIGH
CONF1.PH6.Locked=true
CONF1.PH6.PinAttribute=Free
CONF1.PH6.Signal=GPIO_Output
CONF1.PH7.GPIOParameters=GPIO_Speed,GPIO_PuPd,GPIO_Label,PinAttribute
CONF1.PH7.GPIO_Label=LED_GREEN
CONF1.PH7.GPIO_PuPd=GPIO_PULLUP
CONF1.PH7.GPIO_Speed=GPIO_SPEED_FREQ_HIGH
CONF1.PH7.Locked=true
CONF1.PH7.PinAttribute=Free
CONF1.PH7.Signal=GPIO_Output
CONF1.PH9.GPIOParameters=GPIO_Label,PinAttribute
CONF1.PH9.GPIO_Label=OCTOSPI.F_IO4
CONF1.PH9.Locked=true
CONF1.PH9.Mode=OCTOSPI2_IOH_Port2H
CONF1.PH9.PinAttribute=CortexM33S
CONF1.PH9.Signal=OCTOSPIM_P2_IO4
CONF1.PI0.GPIOParameters=GPIO_Label,PinAttribute
CONF1.PI0.GPIO_Label=OCTOSPI.R_IO5
CONF1.PI0.Locked=true
CONF1.PI0.Mode=OCTOSPI1_IOH_Port1H
CONF1.PI0.PinAttribute=CortexM33S
CONF1.PI0.Signal=OCTOSPIM_P1_IO5
CONF1.PI5.GPIOParameters=GPIO_Label,PinAttribute
CONF1.PI5.GPIO_Label=OCTOSPI.F_NCS
CONF1.PI5.Locked=true
CONF1.PI5.Mode=OCTOSPI2_Port2_NCS
CONF1.PI5.PinAttribute=CortexM33S
CONF1.PI5.Signal=OCTOSPIM_P2_NCS
CONF1.PWR.IPParameters=PowerMode
CONF1.PWR.PowerMode=PWR_SMPS_SUPPLY
CONF1.RCC.ADCFreq_Value=16000000
CONF1.RCC.ADF1Freq_Value=160000000
CONF1.RCC.AHBFreq_Value=160000000
CONF1.RCC.APB1Freq_Value=160000000
CONF1.RCC.APB1TimFreq_Value=160000000
CONF1.RCC.APB2Freq_Value=160000000
CONF1.RCC.APB2TimFreq_Value=160000000
CONF1.RCC.APB3Freq_Value=160000000
CONF1.RCC.CK48Freq_Value=48000000
CONF1.RCC.CRSFreq_Value=48000000
CONF1.RCC.CortexFreq_Value=160000000
CONF1.RCC.DACCLockSelectionVirtual=RCC_DAC1CLKSOURCE_LSI
CONF1.RCC.DACFreq_Value=32000
CONF1.RCC.EPOD_VALUE=4000000
CONF1.RCC.FCLKCortexFreq_Value=160000000
CONF1.RCC.FDCANFreq_Value=160000000
CONF1.RCC.FamilyName=M
CONF1.RCC.HCLKFreq_Value=160000000
CONF1.RCC.HSE_VALUE=16000000
CONF1.RCC.HSI48_VALUE=48000000
CONF1.RCC.HSI_VALUE=16000000
CONF1.RCC.I2C1Freq_Value=160000000
CONF1.RCC.I2C2Freq_Value=160000000
CONF1.RCC.I2C3Freq_Value=160000000
CONF1.RCC.I2C4Freq_Value=160000000
CONF1.RCC.IPParameters=ADCFreq_Value,ADF1Freq_Value,AHBFreq_Value,APB1Freq_Value,APB1TimFreq_Value,APB2Freq_Value,APB2TimFreq_Value,APB3Freq_Value,CK48Freq_Value,CRSFreq_Value,CortexFreq_Value,DACCLockSelectionVirtual,DACFreq_Value,EPOD_VALUE,FCLKCortexFreq_Value,FDCANFreq_Value,FamilyName,HCLKFreq_Value,HSE_VALUE,HSI48_VALUE,HSI_VALUE,I2C1Freq_Value,I2C2Freq_Value,I2C3Freq_Value,I2C4Freq_Value,LPTIM2Freq_Value,LPUART1Freq_Value,LSCOPinFreq_Value,LSIDIV_VALUE,LSI_VALUE,MCO1PinFreq_Value,MDF1Freq_Value,MSI_VALUE,OCTOSPIMFreq_Value,PLL2PoutputFreq_Value,PLL2QoutputFreq_Value,PLL2RoutputFreq_Value,PLL3PoutputFreq_Value,PLL3QoutputFreq_Value,PLL3RoutputFreq_Value,PLLN,PLLPoutputFreq_Value,PLLQoutputFreq_Value,PLLRCLKFreq_Value,RNGFreq_Value,SAESFreq_Value,SAI1Freq_Value,SAI2Freq_Value,SDMMCFreq_Value,SPI1Freq_Value,SPI2Freq_Value,SPI3Freq_Value,SYSCLKFreq_VALUE,SYSCLKSource,UART4Freq_Value,UART5Freq_Value,USART1Freq_Value,USART2Freq_Value,USART3Freq_Value,USBFreq_Value,VCOInput2Freq_Value,VCOInput3Freq_Value,VCOInputFreq_Value,VCOOutputFreq_Value,VCOPLL2OutputFreq_Value,VCOPLL3OutputFreq_Value
CONF1.RCC.LPTIM2Freq_Value=160000000
CONF1.RCC.LPUART1Freq_Value=160000000
CONF1.RCC.LSCOPinFreq_Value=32000
CONF1.RCC.LSIDIV_VALUE=32000
CONF1.RCC.LSI_VALUE=32000
CONF1.RCC.MCO1PinFreq_Value=160000000
CONF1.RCC.MDF1Freq_Value=160000000
CONF1.RCC.MSI_VALUE=4000000
CONF1.RCC.OCTOSPIMFreq_Value=160000000
CONF1.RCC.PLL2PoutputFreq_Value=258000000
CONF1.RCC.PLL2QoutputFreq_Value=258000000
CONF1.RCC.PLL2RoutputFreq_Value=258000000
CONF1.RCC.PLL3PoutputFreq_Value=258000000
CONF1.RCC.PLL3QoutputFreq_Value=258000000
CONF1.RCC.PLL3RoutputFreq_Value=258000000
CONF1.RCC.PLLN=80
CONF1.RCC.PLLPoutputFreq_Value=160000000
CONF1.RCC.PLLQoutputFreq_Value=160000000
CONF1.RCC.PLLRCLKFreq_Value=160000000
CONF1.RCC.RNGFreq_Value=48000000
CONF1.RCC.SAESFreq_Value=48000000
CONF1.RCC.SAI1Freq_Value=258000000
CONF1.RCC.SAI2Freq_Value=258000000
CONF1.RCC.SDMMCFreq_Value=160000000
CONF1.RCC.SPI1Freq_Value=160000000
CONF1.RCC.SPI2Freq_Value=160000000
CONF1.RCC.SPI3Freq_Value=160000000
CONF1.RCC.SYSCLKFreq_VALUE=160000000
CONF1.RCC.SYSCLKSource=RCC_SYSCLKSOURCE_PLLCLK
CONF1.RCC.SecureElements=USART1Mult,ADF1Mult,I2C1Mult,OCTOSPIMMult,I2C2Mult,UART4Mult
CONF1.RCC.UART4Freq_Value=160000000
CONF1.RCC.UART5Freq_Value=160000000
CONF1.RCC.USART1Freq_Value=160000000
CONF1.RCC.USART2Freq_Value=160000000
CONF1.RCC.USART3Freq_Value=160000000
CONF1.RCC.USBFreq_Value=48000000
CONF1.RCC.VCOInput2Freq_Value=4000000
CONF1.RCC.VCOInput3Freq_Value=4000000
CONF1.RCC.VCOInputFreq_Value=4000000
CONF1.RCC.VCOOutputFreq_Value=320000000
CONF1.RCC.VCOPLL2OutputFreq_Value=516000000
CONF1.RCC.VCOPLL3OutputFreq_Value=516000000
CONF1.SPI2.CalculateBaudRate=80.0 MBits/s
CONF1.SPI2.Direction=SPI_DIRECTION_2LINES
CONF1.SPI2.IPParameters=VirtualType,Mode,Direction,CalculateBaudRate,VirtualNSS
CONF1.SPI2.Mode=SPI_MODE_MASTER
CONF1.SPI2.VirtualNSS=VM_NSSHARD
CONF1.SPI2.VirtualType=VM_MASTER
CONF1.SYS.userName=SYS_NS
CONF1.ScenarioCount=0
CONF1.USART1.IPParameters=VirtualMode-Asynchronous
CONF1.USART1.VirtualMode-Asynchronous=VM_ASYNC
CONF1.USB_OTG_FS.IPParameters=VirtualMode
CONF1.USB_OTG_FS.VirtualMode=Device_Only
CONF1.VP_GTZC_NS_VS_GTZC_Enable.Mode=GTZC_Enable
CONF1.VP_GTZC_NS_VS_GTZC_Enable.Signal=GTZC_NS_VS_GTZC_Enable
CONF1.VP_GTZC_S_VS_GTZC_Enable.Mode=GTZC_Enable
CONF1.VP_GTZC_S_VS_GTZC_Enable.Signal=GTZC_S_VS_GTZC_Enable
CONF1.VP_ICACHE_VS_ICACHE.Mode=DirectMappedCache
CONF1.VP_ICACHE_VS_ICACHE.Signal=ICACHE_VS_ICACHE
CONF1.VP_ICACHE_VS_SECURE_ICACHE_REG.Mode=ICACHE_REG_Not_Secured
CONF1.VP_ICACHE_VS_SECURE_ICACHE_REG.Signal=ICACHE_VS_SECURE_ICACHE_REG
CONF1.VP_OCTOSPI1_VS_octo.Mode=octo_mode
CONF1.VP_OCTOSPI1_VS_octo.Signal=OCTOSPI1_VS_octo
CONF1.VP_OCTOSPI2_VS_octo.Mode=octo_mode
CONF1.VP_OCTOSPI2_VS_octo.Signal=OCTOSPI2_VS_octo
CONF1.VP_PWR_VS_DBSignals.Mode=DisableDeadBatterySignals
CONF1.VP_PWR_VS_DBSignals.Signal=PWR_VS_DBSignals
CONF1.VP_PWR_VS_LPOM.Mode=PowerOptimisation
CONF1.VP_PWR_VS_LPOM.Signal=PWR_VS_LPOM
CONF1.VP_PWR_VS_SECSignals.Mode=Security/Privilege
CONF1.VP_PWR_VS_SECSignals.Signal=PWR_VS_SECSignals
CONF1.VP_SYS_S_VS_Systick.Mode=SysTick
CONF1.VP_SYS_S_VS_Systick.Signal=SYS_S_VS_Systick
CONF1.VP_SYS_VS_Systick.Mode=SysTick
CONF1.VP_SYS_VS_Systick.Signal=SYS_VS_Systick
CONF2.CORTEX_M33_NS.userName=CORTEX_M33
CONF2.ConfName=LpbamAp1
CONF2.CortexM33NS.IPs=CORTEX_M33_NS\:I,GPDMA1,GTZC_NS\:I,LINKEDLIST,LPDMA1,PWR,RCC,RTC,SYS\:I,TAMP,NVIC2\:I,FILEX\:I,LEVELX\:I,NETXDUO\:I,THREADX\:I,USBX\:I,GPIO\:I,LPBAM\:I,LPBAMQUEUE\:I,ADC1\:I,ADC4\:I,ADF1\:I,AES\:I,COMP1\:I,COMP2\:I,CORDIC\:I,CRC\:I,DAC1\:I,DCACHE1\:I,DCMI\:I,PSSI\:I,DEBUG\:I,DMA2D\:I,FDCAN1\:I,FLASH\:I,FMAC\:I,FMC\:I,GUI_INTERFACE\:I,HASH\:I,I2C1\:I,I2C2\:I,I2C3\:I,I2C4\:I,ICACHE\:I,IRTIM\:I,IWDG\:I,LPTIM1\:I,LPTIM2\:I,LPTIM3\:I,LPTIM4\:I,LPUART1\:I,MDF1\:I,OCTOSPI1\:I,OCTOSPI2\:I,OPAMP1\:I,OPAMP2\:I,PKA\:I,RAMCFG\:I,RNG\:I,SAES\:I,SAI1\:I,SAI2\:I,SDMMC1\:I,SDMMC2\:I,SPI1\:I,SPI2\:I,SPI3\:I,TIM1\:I,TIM2\:I,TIM3\:I,TIM4\:I,TIM5\:I,TIM6\:I,TIM7\:I,TIM8\:I,TIM15\:I,TIM16\:I,TIM17\:I,TOUCHSENSING\:I,TRACER_EMB\:I,TSC\:I,UART4\:I,UART5\:I,UCPD1\:I,USART1\:I,USART2\:I,USART3\:I,USBPD\:I,USB_OTG_FS\:I,VREFBUF\:I,WWDG\:I,LPBAMADC4\:I,LPBAMCOMP1\:I,LPBAMCOMP2\:I,LPBAMDAC1\:I,LPBAMI2C3\:I,LPBAMLPDMA1\:I,LPBAMLPGPIO1\:I,LPBAMLPTIM1\:I,LPBAMLPTIM3\:I,LPBAMLPUART1\:I,LPBAMOPAMP1\:I,LPBAMOPAMP2\:I,LPBAMSPI3\:I,LPBAMVREFBUF\:I
CONF2.CortexM33S.IPs=CORTEX_M33_S\:I,GPDMA1\:I,GTZC_S\:I,LINKEDLIST\:I,LPDMA1\:I,OTFDEC1\:I,OTFDEC2\:I,PWR\:I,RCC\:I,RTC\:I,SYS_S\:I,TAMP\:I,NVIC1\:I,GPIO,SAU\:I
CONF2.GPIO.groupedBy=Group By Peripherals
CONF2.GTZC_S.ADC4_Secure=GTZC_TZSC_PERIPH_SEC
CONF2.GTZC_S.ADC_Secure=GTZC_TZSC_PERIPH_SEC
CONF2.GTZC_S.ADF1_Secure=GTZC_TZSC_PERIPH_SEC
CONF2.GTZC_S.I2C1_Secure=GTZC_TZSC_PERIPH_SEC
CONF2.GTZC_S.I2C2_Secure=GTZC_TZSC_PERIPH_SEC
CONF2.GTZC_S.IPParameters=USART2_Secure,USART1_Secure,ADC4_Secure,ADC_Secure,MDF1_Secure,ADF1_Secure,I2C1_Secure,OCTOSPI1_Secure,OCTOSPI2_Secure,SPI2_Secure,I2C2_Secure,UART4_Secure,UCPD1_Secure,MPCBB3_SecConfig_array,USB_OTG_FS_Secure,OCTOSPIM_Secure
CONF2.GTZC_S.MDF1_Secure=GTZC_TZSC_PERIPH_SEC
CONF2.GTZC_S.MPCBB3_SecConfig_array=00000000\:00000000\:00000000\:00000000\:00000000\:00000000\:00000000\:00000000\:00000000\:00000000\:00000000\:00000000\:00000000\:00000000\:00000000\:00000000\:00000000\:00000000\:00000000\:00000000\:00000000\:00000000\:00000000\:00000000\:00000000\:00000000\:00000000\:00000000\:00000000\:00000000\:00000000\:00000000
CONF2.GTZC_S.OCTOSPI1_Secure=GTZC_TZSC_PERIPH_SEC
CONF2.GTZC_S.OCTOSPI2_Secure=GTZC_TZSC_PERIPH_SEC
CONF2.GTZC_S.OCTOSPIM_Secure=GTZC_TZSC_PERIPH_SEC
CONF2.GTZC_S.SPI2_Secure=GTZC_TZSC_PERIPH_SEC
CONF2.GTZC_S.UART4_Secure=GTZC_TZSC_PERIPH_SEC
CONF2.GTZC_S.UCPD1_Secure=GTZC_TZSC_PERIPH_SEC
CONF2.GTZC_S.USART1_Secure=GTZC_TZSC_PERIPH_SEC
CONF2.GTZC_S.USART2_Secure=GTZC_TZSC_PERIPH_SEC
CONF2.GTZC_S.USB_OTG_FS_Secure=GTZC_TZSC_PERIPH_SEC
CONF2.KeepUserPlacement=false
CONF2.Mcu.Context0=CortexM33S
CONF2.Mcu.Context1=CortexM33NS
CONF2.Mcu.ContextNb=2
CONF2.Mcu.ContextProject=TrustZoneEnabled
CONF2.Mcu.Family=STM32U5
CONF2.Mcu.IP0=CORTEX_M33_NS
CONF2.Mcu.IP1=CORTEX_M33_S
CONF2.Mcu.IP10=SYS_S
CONF2.Mcu.IP2=GTZC_S
CONF2.Mcu.IP3=ICACHE
CONF2.Mcu.IP4=LPBAM
CONF2.Mcu.IP5=LPBAMQUEUE
CONF2.Mcu.IP6=NVIC2
CONF2.Mcu.IP7=NVIC1
CONF2.Mcu.IP8=RCC
CONF2.Mcu.IP9=SYS
CONF2.Mcu.IPNb=11
CONF2.Mcu.Name=STM32U585AIIxQ
CONF2.Mcu.Package=UFBGA169
CONF2.Mcu.Pin0=VP_GTZC_S_VS_GTZC_Enable
CONF2.Mcu.Pin1=VP_ICACHE_VS_SECURE_ICACHE_REG
CONF2.Mcu.Pin2=VP_LPBAMQUEUE_VS_QUEUE
CONF2.Mcu.Pin3=VP_SYS_VS_Systick
CONF2.Mcu.Pin4=VP_SYS_S_VS_Systick
CONF2.Mcu.Pin5=VP_LPBAM_VS_SIG1
CONF2.Mcu.Pin6=VP_LPBAM_VS_SIG4
CONF2.Mcu.PinsNb=7
CONF2.Mcu.ThirdPartyNb=0
CONF2.Mcu.UserName=STM32U585AIIxQ
CONF2.NVIC1.BFHFNMINS=0
CONF2.NVIC1.ForceEnableDMAVector=true
CONF2.NVIC1.PRIS=0
CONF2.NVIC1.PriorityGroup=NVIC_PRIORITYGROUP_4
CONF2.NVIC2.BFHFNMINS=0
CONF2.NVIC2.ForceEnableDMAVector=true
CONF2.NVIC2.PRIS=0
CONF2.NVIC2.PriorityGroup=NVIC_PRIORITYGROUP_4
CONF2.RCC.ADCFreq_Value=16000000
CONF2.RCC.CRSFreq_Value=48000000
CONF2.RCC.DACFreq_Value=32000
CONF2.RCC.EPOD_VALUE=4000000
CONF2.RCC.FDCANFreq_Value=258000000
CONF2.RCC.FamilyName=M
CONF2.RCC.HSE_VALUE=16000000
CONF2.RCC.HSI48_VALUE=48000000
CONF2.RCC.HSI_VALUE=16000000
CONF2.RCC.I2C1Freq_Value=16000000
CONF2.RCC.I2C2Freq_Value=16000000
CONF2.RCC.I2C3Freq_Value=16000000
CONF2.RCC.I2C4Freq_Value=16000000
CONF2.RCC.IPParameters=ADCFreq_Value,CRSFreq_Value,DACFreq_Value,EPOD_VALUE,FDCANFreq_Value,FamilyName,HSE_VALUE,HSI48_VALUE,HSI_VALUE,I2C1Freq_Value,I2C2Freq_Value,I2C3Freq_Value,I2C4Freq_Value,LPTIM2Freq_Value,LPUART1Freq_Value,LSCOPinFreq_Value,LSE_VALUE,LSIDIV_VALUE,LSI_VALUE,MSI_VALUE,PLL2PoutputFreq_Value,PLL2QoutputFreq_Value,PLL2RoutputFreq_Value,PLL3PoutputFreq_Value,PLL3QoutputFreq_Value,PLL3RoutputFreq_Value,PLLPoutputFreq_Value,PLLQoutputFreq_Value,PLLRCLKFreq_Value,RNGFreq_Value,SAESFreq_Value,SAI1Freq_Value,SAI2Freq_Value,SPI1Freq_Value,SPI2Freq_Value,SPI3Freq_Value,UART4Freq_Value,UART5Freq_Value,USART1Freq_Value,USART2Freq_Value,USART3Freq_Value,USBFreq_Value,VCOInput2Freq_Value,VCOInput3Freq_Value,VCOInputFreq_Value,VCOOutputFreq_Value,VCOPLL2OutputFreq_Value,VCOPLL3OutputFreq_Value
CONF2.RCC.LPTIM2Freq_Value=16000000
CONF2.RCC.LPUART1Freq_Value=16000000
CONF2.RCC.LSCOPinFreq_Value=32000
CONF2.RCC.LSE_VALUE=32768
CONF2.RCC.LSIDIV_VALUE=32000
CONF2.RCC.LSI_VALUE=32000
CONF2.RCC.MSI_VALUE=4000000
CONF2.RCC.PLL2PoutputFreq_Value=258000000
CONF2.RCC.PLL2QoutputFreq_Value=258000000
CONF2.RCC.PLL2RoutputFreq_Value=258000000
CONF2.RCC.PLL3PoutputFreq_Value=258000000
CONF2.RCC.PLL3QoutputFreq_Value=258000000
CONF2.RCC.PLL3RoutputFreq_Value=258000000
CONF2.RCC.PLLPoutputFreq_Value=258000000
CONF2.RCC.PLLQoutputFreq_Value=258000000
CONF2.RCC.PLLRCLKFreq_Value=258000000
CONF2.RCC.RNGFreq_Value=16000000
CONF2.RCC.SAESFreq_Value=48000000
CONF2.RCC.SAI1Freq_Value=16000000
CONF2.RCC.SAI2Freq_Value=16000000
CONF2.RCC.SPI1Freq_Value=16000000
CONF2.RCC.SPI2Freq_Value=16000000
CONF2.RCC.SPI3Freq_Value=16000000
CONF2.RCC.UART4Freq_Value=16000000
CONF2.RCC.UART5Freq_Value=16000000
CONF2.RCC.USART1Freq_Value=16000000
CONF2.RCC.USART2Freq_Value=16000000
CONF2.RCC.USART3Freq_Value=16000000
CONF2.RCC.USBFreq_Value=4000000
CONF2.RCC.VCOInput2Freq_Value=4000000
CONF2.RCC.VCOInput3Freq_Value=4000000
CONF2.RCC.VCOInputFreq_Value=4000000
CONF2.RCC.VCOOutputFreq_Value=516000000
CONF2.RCC.VCOPLL2OutputFreq_Value=516000000
CONF2.RCC.VCOPLL3OutputFreq_Value=516000000
CONF2.S1.Q1.FuncCount=0
CONF2.S1.Q1.IpInstanceName=LPBAMQUEUE
CONF2.S1.Q1.QueueCircularity=0
CONF2.S1.Q1.QueueUserName=Queue1
CONF2.S1.Q1.QueueVirtualPinList=VP_LPBAMQUEUE_VS_QUEUE
CONF2.S1.Q1.VP_LPBAMQUEUE_VS_QUEUE.Mode=QUEUEMODE
CONF2.S1.Q1.VP_LPBAMQUEUE_VS_QUEUE.Signal=LPBAMQUEUE_VS_QUEUE
CONF2.S1.QueueCount=1
CONF2.S1.QueueLastActive=Q1
CONF2.S1.ScenarioName=Scenario
CONF2.SYS.userName=SYS_NS
CONF2.ScenarioCount=1
CONF2.VP_GTZC_S_VS_GTZC_Enable.Mode=GTZC_Enable
CONF2.VP_GTZC_S_VS_GTZC_Enable.Signal=GTZC_S_VS_GTZC_Enable
CONF2.VP_ICACHE_VS_SECURE_ICACHE_REG.Mode=ICACHE_REG_Not_Secured
CONF2.VP_ICACHE_VS_SECURE_ICACHE_REG.Signal=ICACHE_VS_SECURE_ICACHE_REG
CONF2.VP_LPBAM_VS_SIG1.Mode=SmartRun
CONF2.VP_LPBAM_VS_SIG1.Signal=LPBAM_VS_SIG1
CONF2.VP_LPBAM_VS_SIG4.Mode=LPDMA1
CONF2.VP_LPBAM_VS_SIG4.Signal=LPBAM_VS_SIG4
CONF2.VP_SYS_S_VS_Systick.Mode=SysTick
CONF2.VP_SYS_S_VS_Systick.Signal=SYS_S_VS_Systick
CONF2.VP_SYS_VS_Systick.Mode=SysTick
CONF2.VP_SYS_VS_Systick.Signal=SYS_VS_Systick
File.Version=6
KeepUserPlacement=false
Mcu.CPN=STM32U585AII6Q
Mcu.ContextProject=TrustZoneEnabled
Mcu.Family=STM32U5
Mcu.Name=STM32U585AIIxQ
Mcu.Package=UFBGA169
Mcu.UserConstants=
Mcu.UserName=STM32U585AIIxQ
MultiConf.Active=
MultiConf.NbConfig=2
MxCube.Version=6.17.0
MxDb.Version=DB.6.0.170
PinOutPanel.CurrentBGAView=Top
PinOutPanel.RotationAngle=0
ProjectManager.AskForMigrate=true
ProjectManager.BackupPrevious=false
ProjectManager.CompilerLinker=GCC
ProjectManager.CompilerOptimize=6
ProjectManager.ComputerToolchain=false
ProjectManager.CoupleFile=false
ProjectManager.CustomerFirmwarePackage=
ProjectManager.DefaultFWLocation=true
ProjectManager.DeletePrevious=true
ProjectManager.DeviceId=STM32U585AIIxQ
ProjectManager.FirmwarePackage=STM32Cube FW_U5 V1.8.0
ProjectManager.FreePins=false
ProjectManager.FreePinsContext=CortexM33S
ProjectManager.HalAssertFull=false
ProjectManager.HeapSize=M33S-0x200,M33NS-0x200
ProjectManager.KeepUserCode=true
ProjectManager.LPBAM.generateCode=LpbamAp1\:true;S1.Q1>Queue1\=true;
ProjectManager.LastFirmware=true
ProjectManager.LibraryCopy=1
ProjectManager.MainLocation=Core/Src
ProjectManager.NoMain=false
ProjectManager.PreviousToolchain=STM32CubeIDE
ProjectManager.ProjectBuild=false
ProjectManager.ProjectFileName=B-U585I-IOT02A.ioc
ProjectManager.ProjectName=B-U585I-IOT02A
ProjectManager.ProjectStructure=M33S\:Secure Project\:true;M33NS\:Non Secure Project\:true;
ProjectManager.RegisterCallBack=
ProjectManager.StackSize=M33S-0x400,M33NS-0x400
ProjectManager.TargetToolchain=STM32CubeIDE
ProjectManager.ToolChainLocation=
ProjectManager.UAScriptAfterPath=
ProjectManager.UAScriptBeforePath=
ProjectManager.UnderRoot=true
ProjectManager.functionlistsort=1-SystemClock_Config-RCC-false-HAL-false-CortexM33S,2-MX_GPIO_Init-GPIO-false-HAL-true-CortexM33S,3-MX_ADF1_Init-ADF1-false-HAL-true-CortexM33S,4-MX_GTZC_S_Init-GTZC_S-false-HAL-true-CortexM33S,5-MX_I2C1_Init-I2C1-false-HAL-true-CortexM33S,6-MX_I2C2_Init-I2C2-false-HAL-true-CortexM33S,7-MX_ICACHE_Init-ICACHE-false-HAL-true-CortexM33S,8-MX_OCTOSPI1_Init-OCTOSPI1-false-HAL-true-CortexM33S,9-MX_OCTOSPI2_Init-OCTOSPI2-false-HAL-true-CortexM33S,10-MX_SPI2_Init-SPI2-false-HAL-true-CortexM33S,11-MX_UART4_Init-UART4-false-HAL-true-CortexM33S,12-MX_USART1_UART_Init-USART1-false-HAL-true-CortexM33S,13-MX_UCPD1_Init-UCPD1-false-LL-true-CortexM33S,14-MX_USB_OTG_FS_PCD_Init-USB_OTG_FS-false-HAL-true-CortexM33S,1-SystemClock_Config-RCC-false-HAL-false-CortexM33NS,2-MX_GTZC_NS_Init-GTZC_NS-false-HAL-true-CortexM33NS,0-MX_CORTEX_M33_S_Init-CORTEX_M33_S-false-HAL-true-CortexM33S,0-MX_PWR_Init-PWR-false-HAL-true-CortexM33S,0-MX_CORTEX_M33_NS_Init-CORTEX_M33_NS-false-HAL-true-CortexM33NS,0-MX_PWR_Init-PWR-false-HAL-true-CortexM33NS
board=B-U585I-IOT02A
boardIOC=true
